// !$*UTF8*$!
{
	archiveVersion = 1;
	classes = {
	};
	objectVersion = 50;
	objects = {

/* Begin PBXBuildFile section */
		A96EF21824D7C27E0069F99D /* AppDelegate.swift in Sources */ = {isa = PBXBuildFile; fileRef = A96EF21724D7C27E0069F99D /* AppDelegate.swift */; };
		A96EF21A24D7C27E0069F99D /* SceneDelegate.swift in Sources */ = {isa = PBXBuildFile; fileRef = A96EF21924D7C27E0069F99D /* SceneDelegate.swift */; };
		A96EF21C24D7C27E0069F99D /* ViewController.swift in Sources */ = {isa = PBXBuildFile; fileRef = A96EF21B24D7C27E0069F99D /* ViewController.swift */; };
		A96EF21F24D7C27E0069F99D /* Main.storyboard in Resources */ = {isa = PBXBuildFile; fileRef = A96EF21D24D7C27E0069F99D /* Main.storyboard */; };
		A96EF22124D7C2810069F99D /* Assets.xcassets in Resources */ = {isa = PBXBuildFile; fileRef = A96EF22024D7C2810069F99D /* Assets.xcassets */; };
		A96EF22424D7C2810069F99D /* LaunchScreen.storyboard in Resources */ = {isa = PBXBuildFile; fileRef = A96EF22224D7C2810069F99D /* LaunchScreen.storyboard */; };
		A96EF22C24D7C2A50069F99D /* ContentView.swift in Sources */ = {isa = PBXBuildFile; fileRef = A96EF22B24D7C2A50069F99D /* ContentView.swift */; };
/* End PBXBuildFile section */

/* Begin PBXFileReference section */
		A96EF21424D7C27E0069F99D /* HowToCreateAndUseFormInSwiftUI.app */ = {isa = PBXFileReference; explicitFileType = wrapper.application; includeInIndex = 0; path = HowToCreateAndUseFormInSwiftUI.app; sourceTree = BUILT_PRODUCTS_DIR; };
		A96EF21724D7C27E0069F99D /* AppDelegate.swift */ = {isa = PBXFileReference; lastKnownFileType = sourcecode.swift; path = AppDelegate.swift; sourceTree = "<group>"; };
		A96EF21924D7C27E0069F99D /* SceneDelegate.swift */ = {isa = PBXFileReference; lastKnownFileType = sourcecode.swift; path = SceneDelegate.swift; sourceTree = "<group>"; };
		A96EF21B24D7C27E0069F99D /* ViewController.swift */ = {isa = PBXFileReference; lastKnownFileType = sourcecode.swift; path = ViewController.swift; sourceTree = "<group>"; };
		A96EF21E24D7C27E0069F99D /* Base */ = {isa = PBXFileReference; lastKnownFileType = file.storyboard; name = Base; path = Base.lproj/Main.storyboard; sourceTree = "<group>"; };
		A96EF22024D7C2810069F99D /* Assets.xcassets */ = {isa = PBXFileReference; lastKnownFileType = folder.assetcatalog; path = Assets.xcassets; sourceTree = "<group>"; };
		A96EF22324D7C2810069F99D /* Base */ = {isa = PBXFileReference; lastKnownFileType = file.storyboard; name = Base; path = Base.lproj/LaunchScreen.storyboard; sourceTree = "<group>"; };
		A96EF22524D7C2810069F99D /* Info.plist */ = {isa = PBXFileReference; lastKnownFileType = text.plist.xml; path = Info.plist; sourceTree = "<group>"; };
		A96EF22B24D7C2A50069F99D /* ContentView.swift */ = {isa = PBXFileReference; lastKnownFileType = sourcecode.swift; path = ContentView.swift; sourceTree = "<group>"; };
/* End PBXFileReference section */

/* Begin PBXFrameworksBuildPhase section */
		A96EF21124D7C27E0069F99D /* Frameworks */ = {
			isa = PBXFrameworksBuildPhase;
			buildActionMask = 2147483647;
			files = (
			);
			runOnlyForDeploymentPostprocessing = 0;
		};
/* End PBXFrameworksBuildPhase section */

/* Begin PBXGroup section */
		A96EF20B24D7C27E0069F99D = {
			isa = PBXGroup;
			children = (
				A96EF21624D7C27E0069F99D /* HowToCreateAndUseFormInSwiftUI */,
				A96EF21524D7C27E0069F99D /* Products */,
			);
			sourceTree = "<group>";
		};
		A96EF21524D7C27E0069F99D /* Products */ = {
			isa = PBXGroup;
			children = (
				A96EF21424D7C27E0069F99D /* HowToCreateAndUseFormInSwiftUI.app */,
			);
			name = Products;
			sourceTree = "<group>";
		};
		A96EF21624D7C27E0069F99D /* HowToCreateAndUseFormInSwiftUI */ = {
			isa = PBXGroup;
			children = (
				A96EF21724D7C27E0069F99D /* AppDelegate.swift */,
				A96EF21924D7C27E0069F99D /* SceneDelegate.swift */,
				A96EF21B24D7C27E0069F99D /* ViewController.swift */,
				A96EF22B24D7C2A50069F99D /* ContentView.swift */,
				A96EF21D24D7C27E0069F99D /* Main.storyboard */,
				A96EF22024D7C2810069F99D /* Assets.xcassets */,
				A96EF22224D7C2810069F99D /* LaunchScreen.storyboard */,
				A96EF22524D7C2810069F99D /* Info.plist */,
			);
			path = HowToCreateAndUseFormInSwiftUI;
			sourceTree = "<group>";
		};
/* End PBXGroup section */

/* Begin PBXNativeTarget section */
		A96EF21324D7C27E0069F99D /* HowToCreateAndUseFormInSwiftUI */ = {
			isa = PBXNativeTarget;
			buildConfigurationList = A96EF22824D7C2810069F99D /* Build configuration list for PBXNativeTarget "HowToCreateAndUseFormInSwiftUI" */;
			buildPhases = (
				A96EF21024D7C27E0069F99D /* Sources */,
				A96EF21124D7C27E0069F99D /* Frameworks */,
				A96EF21224D7C27E0069F99D /* Resources */,
			);
			buildRules = (
			);
			dependencies = (
			);
			name = HowToCreateAndUseFormInSwiftUI;
			productName = HowToCreateAndUseFormInSwiftUI;
			productReference = A96EF21424D7C27E0069F99D /* HowToCreateAndUseFormInSwiftUI.app */;
			productType = "com.apple.product-type.application";
		};
/* End PBXNativeTarget section */

/* Begin PBXProject section */
		A96EF20C24D7C27E0069F99D /* Project object */ = {
			isa = PBXProject;
			attributes = {
				LastSwiftUpdateCheck = 1150;
				LastUpgradeCheck = 1150;
				ORGANIZATIONNAME = "michael tamsil";
				TargetAttributes = {
					A96EF21324D7C27E0069F99D = {
						CreatedOnToolsVersion = 11.5;
					};
				};
			};
			buildConfigurationList = A96EF20F24D7C27E0069F99D /* Build configuration list for PBXProject "HowToCreateAndUseFormInSwiftUI" */;
			compatibilityVersion = "Xcode 9.3";
			developmentRegion = en;
			hasScannedForEncodings = 0;
			knownRegions = (
				en,
				Base,
			);
			mainGroup = A96EF20B24D7C27E0069F99D;
			productRefGroup = A96EF21524D7C27E0069F99D /* Products */;
			projectDirPath = "";
			projectRoot = "";
			targets = (
				A96EF21324D7C27E0069F99D /* HowToCreateAndUseFormInSwiftUI */,
			);
		};
/* End PBXProject section */

/* Begin PBXResourcesBuildPhase section */
		A96EF21224D7C27E0069F99D /* Resources */ = {
			isa = PBXResourcesBuildPhase;
			buildActionMask = 2147483647;
			files = (
				A96EF22424D7C2810069F99D /* LaunchScreen.storyboard in Resources */,
				A96EF22124D7C2810069F99D /* Assets.xcassets in Resources */,
				A96EF21F24D7C27E0069F99D /* Main.storyboard in Resources */,
			);
			runOnlyForDeploymentPostprocessing = 0;
		};
/* End PBXResourcesBuildPhase section */

/* Begin PBXSourcesBuildPhase section */
		A96EF21024D7C27E0069F99D /* Sources */ = {
			isa = PBXSourcesBuildPhase;
			buildActionMask = 2147483647;
			files = (
				A96EF21C24D7C27E0069F99D /* ViewController.swift in Sources */,
				A96EF21824D7C27E0069F99D /* AppDelegate.swift in Sources */,
				A96EF22C24D7C2A50069F99D /* ContentView.swift in Sources */,
				A96EF21A24D7C27E0069F99D /* SceneDelegate.swift in Sources */,
			);
			runOnlyForDeploymentPostprocessing = 0;
		};
/* End PBXSourcesBuildPhase section */

/* Begin PBXVariantGroup section */
		A96EF21D24D7C27E0069F99D /* Main.storyboard */ = {
			isa = PBXVariantGroup;
			children = (
				A96EF21E24D7C27E0069F99D /* Base */,
			);
			name = Main.storyboard;
			sourceTree = "<group>";
		};
		A96EF22224D7C2810069F99D /* LaunchScreen.storyboard */ = {
			isa = PBXVariantGroup;
			children = (
				A96EF22324D7C2810069F99D /* Base */,
			);
			name = LaunchScreen.storyboard;
			sourceTree = "<group>";
		};
/* End PBXVariantGroup section */

/* Begin XCBuildConfiguration section */
		A96EF22624D7C2810069F99D /* Debug */ = {
			isa = XCBuildConfiguration;
			buildSettings = {
				ALWAYS_SEARCH_USER_PATHS = NO;
				CLANG_ANALYZER_NONNULL = YES;
				CLANG_ANALYZER_NUMBER_OBJECT_CONVERSION = YES_AGGRESSIVE;
				CLANG_CXX_LANGUAGE_STANDARD = "gnu++14";
				CLANG_CXX_LIBRARY = "libc++";
				CLANG_ENABLE_MODULES = YES;
				CLANG_ENABLE_OBJC_ARC = YES;
				CLANG_ENABLE_OBJC_WEAK = YES;
				CLANG_WARN_BLOCK_CAPTURE_AUTORELEASING = YES;
				CLANG_WARN_BOOL_CONVERSION = YES;
				CLANG_WARN_COMMA = YES;
				CLANG_WARN_CONSTANT_CONVERSION = YES;
				CLANG_WARN_DEPRECATED_OBJC_IMPLEMENTATIONS = YES;
				CLANG_WARN_DIRECT_OBJC_ISA_USAGE = YES_ERROR;
				CLANG_WARN_DOCUMENTATION_COMMENTS = YES;
				CLANG_WARN_EMPTY_BODY = YES;
				CLANG_WARN_ENUM_CONVERSION = YES;
				CLANG_WARN_INFINITE_RECURSION = YES;
				CLANG_WARN_INT_CONVERSION = YES;
				CLANG_WARN_NON_LITERAL_NULL_CONVERSION = YES;
				CLANG_WARN_OBJC_IMPLICIT_RETAIN_SELF = YES;
				CLANG_WARN_OBJC_LITERAL_CONVERSION = YES;
				CLANG_WARN_OBJC_ROOT_CLASS = YES_ERROR;
				CLANG_WARN_RANGE_LOOP_ANALYSIS = YES;
				CLANG_WARN_STRICT_PROTOTYPES = YES;
				CLANG_WARN_SUSPICIOUS_MOVE = YES;
				CLANG_WARN_UNGUARDED_AVAILABILITY = YES_AGGRESSIVE;
				CLANG_WARN_UNREACHABLE_CODE = YES;
				CLANG_WARN__DUPLICATE_METHOD_MATCH = YES;
				COPY_PHASE_STRIP = NO;
				DEBUG_INFORMATION_FORMAT = dwarf;
				ENABLE_STRICT_OBJC_MSGSEND = YES;
				ENABLE_TESTABILITY = YES;
				GCC_C_LANGUAGE_STANDARD = gnu11;
				GCC_DYNAMIC_NO_PIC = NO;
				GCC_NO_COMMON_BLOCKS = YES;
				GCC_OPTIMIZATION_LEVEL = 0;
				GCC_PREPROCESSOR_DEFINITIONS = (
					"DEBUG=1",
					"$(inherited)",
				);
				GCC_WARN_64_TO_32_BIT_CONVERSION = YES;
				GCC_WARN_ABOUT_RETURN_TYPE = YES_ERROR;
				GCC_WARN_UNDECLARED_SELECTOR = YES;
				GCC_WARN_UNINITIALIZED_AUTOS = YES_AGGRESSIVE;
				GCC_WARN_UNUSED_FUNCTION = YES;
				GCC_WARN_UNUSED_VARIABLE = YES;
				IPHONEOS_DEPLOYMENT_TARGET = 13.5;
				MTL_ENABLE_DEBUG_INFO = INCLUDE_SOURCE;
				MTL_FAST_MATH = YES;
				ONLY_ACTIVE_ARCH = YES;
				SDKROOT = iphoneos;
				SWIFT_ACTIVE_COMPILATION_CONDITIONS = DEBUG;
				SWIFT_OPTIMIZATION_LEVEL = "-Onone";
			};
			name = Debug;
		};
		A96EF22724D7C2810069F99D /* Release */ = {
			isa = XCBuildConfiguration;
			buildSettings = {
				ALWAYS_SEARCH_USER_PATHS = NO;
				CLANG_ANALYZER_NONNULL = YES;
				CLANG_ANALYZER_NUMBER_OBJECT_CONVERSION = YES_AGGRESSIVE;
				CLANG_CXX_LANGUAGE_STANDARD = "gnu++14";
				CLANG_CXX_LIBRARY = "libc++";
				CLANG_ENABLE_MODULES = YES;
				CLANG_ENABLE_OBJC_ARC = YES;
				CLANG_ENABLE_OBJC_WEAK = YES;
				CLANG_WARN_BLOCK_CAPTURE_AUTORELEASING = YES;
				CLANG_WARN_BOOL_CONVERSION = YES;
				CLANG_WARN_COMMA = YES;
				CLANG_WARN_CONSTANT_CONVERSION = YES;
				CLANG_WARN_DEPRECATED_OBJC_IMPLEMENTATIONS = YES;
				CLANG_WARN_DIRECT_OBJC_ISA_USAGE = YES_ERROR;
				CLANG_WARN_DOCUMENTATION_COMMENTS = YES;
				CLANG_WARN_EMPTY_BODY = YES;
				CLANG_WARN_ENUM_CONVERSION = YES;
				CLANG_WARN_INFINITE_RECURSION = YES;
				CLANG_WARN_INT_CONVERSION = YES;
				CLANG_WARN_NON_LITERAL_NULL_CONVERSION = YES;
				CLANG_WARN_OBJC_IMPLICIT_RETAIN_SELF = YES;
				CLANG_WARN_OBJC_LITERAL_CONVERSION = YES;
				CLANG_WARN_OBJC_ROOT_CLASS = YES_ERROR;
				CLANG_WARN_RANGE_LOOP_ANALYSIS = YES;
				CLANG_WARN_STRICT_PROTOTYPES = YES;
				CLANG_WARN_SUSPICIOUS_MOVE = YES;
				CLANG_WARN_UNGUARDED_AVAILABILITY = YES_AGGRESSIVE;
				CLANG_WARN_UNREACHABLE_CODE = YES;
				CLANG_WARN__DUPLICATE_METHOD_MATCH = YES;
				COPY_PHASE_STRIP = NO;
				DEBUG_INFORMATION_FORMAT = "dwarf-with-dsym";
				ENABLE_NS_ASSERTIONS = NO;
				ENABLE_STRICT_OBJC_MSGSEND = YES;
				GCC_C_LANGUAGE_STANDARD = gnu11;
				GCC_NO_COMMON_BLOCKS = YES;
				GCC_WARN_64_TO_32_BIT_CONVERSION = YES;
				GCC_WARN_ABOUT_RETURN_TYPE = YES_ERROR;
				GCC_WARN_UNDECLARED_SELECTOR = YES;
				GCC_WARN_UNINITIALIZED_AUTOS = YES_AGGRESSIVE;
				GCC_WARN_UNUSED_FUNCTION = YES;
				GCC_WARN_UNUSED_VARIABLE = YES;
				IPHONEOS_DEPLOYMENT_TARGET = 13.5;
				MTL_ENABLE_DEBUG_INFO = NO;
				MTL_FAST_MATH = YES;
				SDKROOT = iphoneos;
				SWIFT_COMPILATION_MODE = wholemodule;
				SWIFT_OPTIMIZATION_LEVEL = "-O";
				VALIDATE_PRODUCT = YES;
			};
			name = Release;
		};
		A96EF22924D7C2810069F99D /* Debug */ = {
			isa = XCBuildConfiguration;
			buildSettings = {
				ASSETCATALOG_COMPILER_APPICON_NAME = AppIcon;
				CODE_SIGN_STYLE = Automatic;
				DEVELOPMENT_TEAM = J5T564JM4P;
				INFOPLIST_FILE = HowToCreateAndUseFormInSwiftUI/Info.plist;
				LD_RUNPATH_SEARCH_PATHS = (
					"$(inherited)",
					"@executable_path/Frameworks",
				);
				PRODUCT_BUNDLE_IDENTIFIER = com.michaeltamsil.HowToCreateAndUseFormInSwiftUI;
				PRODUCT_NAME = "$(TARGET_NAME)";
				SWIFT_VERSION = 5.0;
				TARGETED_DEVICE_FAMILY = "1,2";
			};
			name = Debug;
		};
		A96EF22A24D7C2810069F99D /* Release */ = {
			isa = XCBuildConfiguration;
			buildSettings = {
				ASSETCATALOG_COMPILER_APPICON_NAME = AppIcon;
				CODE_SIGN_STYLE = Automatic;
				DEVELOPMENT_TEAM = J5T564JM4P;
				INFOPLIST_FILE = HowToCreateAndUseFormInSwiftUI/Info.plist;
				LD_RUNPATH_SEARCH_PATHS = (
					"$(inherited)",
					"@executable_path/Frameworks",
				);
				PRODUCT_BUNDLE_IDENTIFIER = com.michaeltamsil.HowToCreateAndUseFormInSwiftUI;
				PRODUCT_NAME = "$(TARGET_NAME)";
				SWIFT_VERSION = 5.0;
				TARGETED_DEVICE_FAMILY = "1,2";
			};
			name = Release;
		};
/* End XCBuildConfiguration section */

/* Begin XCConfigurationList section */
		A96EF20F24D7C27E0069F99D /* Build configuration list for PBXProject "HowToCreateAndUseFormInSwiftUI" */ = {
			isa = XCConfigurationList;
			buildConfigurations = (
				A96EF22624D7C2810069F99D /* Debug */,
				A96EF22724D7C2810069F99D /* Release */,
			);
			defaultConfigurationIsVisible = 0;
			defaultConfigurationName = Release;
		};
		A96EF22824D7C2810069F99D /* Build configuration list for PBXNativeTarget "HowToCreateAndUseFormInSwiftUI" */ = {
			isa = XCConfigurationList;
			buildConfigurations = (
				A96EF22924D7C2810069F99D /* Debug */,
				A96EF22A24D7C2810069F99D /* Release */,
			);
			defaultConfigurationIsVisible = 0;
			defaultConfigurationName = Release;
		};
/* End XCConfigurationList section */
	};
	rootObject = A96EF20C24D7C27E0069F99D /* Project object */;
}
